
Microsoft Visual Studio Solution File, Format Version 12.00
# Visual Studio 14
VisualStudioVersion = 14.0.25420.1
MinimumVisualStudioVersion = 10.0.40219.1
Project("{8BC9CEB8-8B4A-11D0-8D11-00A0C91BC942}") = "vmafossexec", "src\libvmaf\vmafossexec.vcxproj", "{C2D3FD1E-9068-494D-9655-88CE906B4C8B}"
EndProject
Project("{8BC9CEB8-8B4A-11D0-8D11-00A0C91BC942}") = "ptools", "src\ptools\ptools.vcxproj", "{3F07B371-1B81-477E-886C-0E079B0A6803}"
EndProject
Project("{8BC9CEB8-8B4A-11D0-8D11-00A0C91BC942}") = "pthreads", "src\pthreads\COPKG\pthreads.vcxproj", "{03A4C79F-F1A8-48C9-A2AC-0A14EC0F093E}"
EndProject
Project("{8BC9CEB8-8B4A-11D0-8D11-00A0C91BC942}") = "libvmaf", "src\libvmaf\libvmaf.vcxproj", "{5F5103F4-E473-4476-8E7B-FD3465E872B1}"
EndProject
Project("{2150E333-8FDC-42A3-9474-1A3956D46DE8}") = "tools", "tools", "{3202BE63-8C0E-4405-9B6D-DFD6F99B3CB4}"
EndProject
Project("{8BC9CEB8-8B4A-11D0-8D11-00A0C91BC942}") = "moment", "src\libvmaf\msvc\moment.vcxproj", "{D67BDBF2-D42F-465D-BABD-A381BFFAA373}"
EndProject
Project("{8BC9CEB8-8B4A-11D0-8D11-00A0C91BC942}") = "ms_ssim", "src\libvmaf\msvc\ms_ssim.vcxproj", "{CF8FA427-306B-4803-9F23-31C229A630B6}"
EndProject
Project("{8BC9CEB8-8B4A-11D0-8D11-00A0C91BC942}") = "psnr", "src\libvmaf\msvc\psnr.vcxproj", "{2DC3E418-09C6-49F4-A8DA-04C614D6016D}"
EndProject
Project("{8BC9CEB8-8B4A-11D0-8D11-00A0C91BC942}") = "ssim", "src\libvmaf\msvc\ssim.vcxproj", "{418D8FFD-D23A-4C56-8A94-D4B9D39083D1}"
EndProject
Project("{8BC9CEB8-8B4A-11D0-8D11-00A0C91BC942}") = "vmaf", "src\libvmaf\msvc\vmaf.vcxproj", "{054010E9-3004-4C24-B0F3-DCCE36D6B436}"
EndProject
Global
	GlobalSection(SolutionConfigurationPlatforms) = preSolution
		Debug|x64 = Debug|x64
		Release|x64 = Release|x64
	EndGlobalSection
	GlobalSection(ProjectConfigurationPlatforms) = postSolution
		{C2D3FD1E-9068-494D-9655-88CE906B4C8B}.Debug|x64.ActiveCfg = Debug|x64
		{C2D3FD1E-9068-494D-9655-88CE906B4C8B}.Debug|x64.Build.0 = Debug|x64
		{C2D3FD1E-9068-494D-9655-88CE906B4C8B}.Release|x64.ActiveCfg = Release|x64
		{C2D3FD1E-9068-494D-9655-88CE906B4C8B}.Release|x64.Build.0 = Release|x64
		{3F07B371-1B81-477E-886C-0E079B0A6803}.Debug|x64.ActiveCfg = Debug|x64
		{3F07B371-1B81-477E-886C-0E079B0A6803}.Debug|x64.Build.0 = Debug|x64
		{3F07B371-1B81-477E-886C-0E079B0A6803}.Release|x64.ActiveCfg = Release|x64
		{3F07B371-1B81-477E-886C-0E079B0A6803}.Release|x64.Build.0 = Release|x64
		{03A4C79F-F1A8-48C9-A2AC-0A14EC0F093E}.Debug|x64.ActiveCfg = Debug|x64
		{03A4C79F-F1A8-48C9-A2AC-0A14EC0F093E}.Debug|x64.Build.0 = Debug|x64
		{03A4C79F-F1A8-48C9-A2AC-0A14EC0F093E}.Release|x64.ActiveCfg = Release|x64
		{03A4C79F-F1A8-48C9-A2AC-0A14EC0F093E}.Release|x64.Build.0 = Release|x64
		{5F5103F4-E473-4476-8E7B-FD3465E872B1}.Debug|x64.ActiveCfg = Debug|x64
		{5F5103F4-E473-4476-8E7B-FD3465E872B1}.Debug|x64.Build.0 = Debug|x64
		{5F5103F4-E473-4476-8E7B-FD3465E872B1}.Release|x64.ActiveCfg = Release|x64
		{5F5103F4-E473-4476-8E7B-FD3465E872B1}.Release|x64.Build.0 = Release|x64
		{D67BDBF2-D42F-465D-BABD-A381BFFAA373}.Debug|x64.ActiveCfg = Debug|x64
		{D67BDBF2-D42F-465D-BABD-A381BFFAA373}.Debug|x64.Build.0 = Debug|x64
		{D67BDBF2-D42F-465D-BABD-A381BFFAA373}.Release|x64.ActiveCfg = Release|x64
		{D67BDBF2-D42F-465D-BABD-A381BFFAA373}.Release|x64.Build.0 = Release|x64
		{CF8FA427-306B-4803-9F23-31C229A630B6}.Debug|x64.ActiveCfg = Debug|x64
		{CF8FA427-306B-4803-9F23-31C229A630B6}.Debug|x64.Build.0 = Debug|x64
		{CF8FA427-306B-4803-9F23-31C229A630B6}.Release|x64.ActiveCfg = Release|x64
		{CF8FA427-306B-4803-9F23-31C229A630B6}.Release|x64.Build.0 = Release|x64
		{2DC3E418-09C6-49F4-A8DA-04C614D6016D}.Debug|x64.ActiveCfg = Debug|x64
		{2DC3E418-09C6-49F4-A8DA-04C614D6016D}.Debug|x64.Build.0 = Debug|x64
		{2DC3E418-09C6-49F4-A8DA-04C614D6016D}.Release|x64.ActiveCfg = Release|x64
		{2DC3E418-09C6-49F4-A8DA-04C614D6016D}.Release|x64.Build.0 = Release|x64
		{418D8FFD-D23A-4C56-8A94-D4B9D39083D1}.Debug|x64.ActiveCfg = Debug|x64
		{418D8FFD-D23A-4C56-8A94-D4B9D39083D1}.Debug|x64.Build.0 = Debug|x64
		{418D8FFD-D23A-4C56-8A94-D4B9D39083D1}.Release|x64.ActiveCfg = Release|x64
		{418D8FFD-D23A-4C56-8A94-D4B9D39083D1}.Release|x64.Build.0 = Release|x64
		{054010E9-3004-4C24-B0F3-DCCE36D6B436}.Debug|x64.ActiveCfg = Debug|x64
		{054010E9-3004-4C24-B0F3-DCCE36D6B436}.Debug|x64.Build.0 = Debug|x64
		{054010E9-3004-4C24-B0F3-DCCE36D6B436}.Release|x64.ActiveCfg = Release|x64
		{054010E9-3004-4C24-B0F3-DCCE36D6B436}.Release|x64.Build.0 = Release|x64
	EndGlobalSection
	GlobalSection(SolutionProperties) = preSolution
		HideSolutionNode = FALSE
	EndGlobalSection
	GlobalSection(NestedProjects) = preSolution
		{D67BDBF2-D42F-465D-BABD-A381BFFAA373} = {3202BE63-8C0E-4405-9B6D-DFD6F99B3CB4}
		{CF8FA427-306B-4803-9F23-31C229A630B6} = {3202BE63-8C0E-4405-9B6D-DFD6F99B3CB4}
		{2DC3E418-09C6-49F4-A8DA-04C614D6016D} = {3202BE63-8C0E-4405-9B6D-DFD6F99B3CB4}
		{418D8FFD-D23A-4C56-8A94-D4B9D39083D1} = {3202BE63-8C0E-4405-9B6D-DFD6F99B3CB4}
		{054010E9-3004-4C24-B0F3-DCCE36D6B436} = {3202BE63-8C0E-4405-9B6D-DFD6F99B3CB4}
	EndGlobalSection
EndGlobal
